// !$*UTF8*$!
{
	archiveVersion = 1;
	classes = {
	};
	objectVersion = 50;
	objects = {

/* Begin PBXBuildFile section */
		21268EC733BEFBAC967D0905 /* Pods_tinder.framework in Frameworks */ = {isa = PBXBuildFile; fileRef = 759C51D901BFA9DFF113B09F /* Pods_tinder.framework */; };
		8E1195E022E8A31C00D18C10 /* RegistrationController.swift in Sources */ = {isa = PBXBuildFile; fileRef = 8E1195DF22E8A31C00D18C10 /* RegistrationController.swift */; };
		8E1195E322E8AEEB00D18C10 /* CustomTextField.swift in Sources */ = {isa = PBXBuildFile; fileRef = 8E1195E222E8AEEB00D18C10 /* CustomTextField.swift */; };
		8E162EFF22F3463900D87A5A /* GoogleService-Info.plist in Resources */ = {isa = PBXBuildFile; fileRef = 8E162EFE22F3463900D87A5A /* GoogleService-Info.plist */; };
		8E38F33722DF6B1400EDF039 /* TopNavigationStackView.swift in Sources */ = {isa = PBXBuildFile; fileRef = 8E38F33622DF6B1400EDF039 /* TopNavigationStackView.swift */; };
		8E38F33922DF74CA00EDF039 /* CardView.swift in Sources */ = {isa = PBXBuildFile; fileRef = 8E38F33822DF74CA00EDF039 /* CardView.swift */; };
		8E5DDEA922DE29B90089A2CD /* AppDelegate.swift in Sources */ = {isa = PBXBuildFile; fileRef = 8E5DDEA822DE29B90089A2CD /* AppDelegate.swift */; };
		8E5DDEAB22DE29B90089A2CD /* HomeController.swift in Sources */ = {isa = PBXBuildFile; fileRef = 8E5DDEAA22DE29B90089A2CD /* HomeController.swift */; };
		8E5DDEAE22DE29B90089A2CD /* Main.storyboard in Resources */ = {isa = PBXBuildFile; fileRef = 8E5DDEAC22DE29B90089A2CD /* Main.storyboard */; };
		8E5DDEB022DE29BB0089A2CD /* Assets.xcassets in Resources */ = {isa = PBXBuildFile; fileRef = 8E5DDEAF22DE29BB0089A2CD /* Assets.xcassets */; };
		8E5DDEB322DE29BB0089A2CD /* LaunchScreen.storyboard in Resources */ = {isa = PBXBuildFile; fileRef = 8E5DDEB122DE29BB0089A2CD /* LaunchScreen.storyboard */; };
		8E5DDEBC22DE2D860089A2CD /* Extensions+UIView.swift in Sources */ = {isa = PBXBuildFile; fileRef = 8E5DDEBB22DE2D860089A2CD /* Extensions+UIView.swift */; };
		8E5DDEBF22DE37C90089A2CD /* HomeBottomControlsStackView.swift in Sources */ = {isa = PBXBuildFile; fileRef = 8E5DDEBE22DE37C90089A2CD /* HomeBottomControlsStackView.swift */; };
		8E9F4EC922E35A700088C3BF /* CardViewModel.swift in Sources */ = {isa = PBXBuildFile; fileRef = 8E9F4EC822E35A700088C3BF /* CardViewModel.swift */; };
		8E9F4ECC22E363740088C3BF /* Adverstiser.swift in Sources */ = {isa = PBXBuildFile; fileRef = 8E9F4ECB22E363740088C3BF /* Adverstiser.swift */; };
		8E9F4ECE22E3690A0088C3BF /* ProducesCardViewModel.swift in Sources */ = {isa = PBXBuildFile; fileRef = 8E9F4ECD22E3690A0088C3BF /* ProducesCardViewModel.swift */; };
		8ECEEE9722F33A2C006EC3B4 /* RegistrationViewModel.swift in Sources */ = {isa = PBXBuildFile; fileRef = 8ECEEE9622F33A2C006EC3B4 /* RegistrationViewModel.swift */; };
		8EF7D0EC22E0C3E5008F84F4 /* User.swift in Sources */ = {isa = PBXBuildFile; fileRef = 8EF7D0EB22E0C3E5008F84F4 /* User.swift */; };
/* End PBXBuildFile section */

/* Begin PBXFileReference section */
		3F6F223B6804298C0472633D /* Pods-tinder.release.xcconfig */ = {isa = PBXFileReference; includeInIndex = 1; lastKnownFileType = text.xcconfig; name = "Pods-tinder.release.xcconfig"; path = "Pods/Target Support Files/Pods-tinder/Pods-tinder.release.xcconfig"; sourceTree = "<group>"; };
		759C51D901BFA9DFF113B09F /* Pods_tinder.framework */ = {isa = PBXFileReference; explicitFileType = wrapper.framework; includeInIndex = 0; path = Pods_tinder.framework; sourceTree = BUILT_PRODUCTS_DIR; };
		8E1195DF22E8A31C00D18C10 /* RegistrationController.swift */ = {isa = PBXFileReference; lastKnownFileType = sourcecode.swift; path = RegistrationController.swift; sourceTree = "<group>"; };
		8E1195E222E8AEEB00D18C10 /* CustomTextField.swift */ = {isa = PBXFileReference; lastKnownFileType = sourcecode.swift; path = CustomTextField.swift; sourceTree = "<group>"; };
		8E162EFE22F3463900D87A5A /* GoogleService-Info.plist */ = {isa = PBXFileReference; fileEncoding = 4; lastKnownFileType = text.plist.xml; path = "GoogleService-Info.plist"; sourceTree = "<group>"; };
		8E38F33622DF6B1400EDF039 /* TopNavigationStackView.swift */ = {isa = PBXFileReference; lastKnownFileType = sourcecode.swift; path = TopNavigationStackView.swift; sourceTree = "<group>"; };
		8E38F33822DF74CA00EDF039 /* CardView.swift */ = {isa = PBXFileReference; lastKnownFileType = sourcecode.swift; path = CardView.swift; sourceTree = "<group>"; };
		8E5DDEA522DE29B90089A2CD /* tinder.app */ = {isa = PBXFileReference; explicitFileType = wrapper.application; includeInIndex = 0; path = tinder.app; sourceTree = BUILT_PRODUCTS_DIR; };
		8E5DDEA822DE29B90089A2CD /* AppDelegate.swift */ = {isa = PBXFileReference; lastKnownFileType = sourcecode.swift; path = AppDelegate.swift; sourceTree = "<group>"; };
		8E5DDEAA22DE29B90089A2CD /* HomeController.swift */ = {isa = PBXFileReference; lastKnownFileType = sourcecode.swift; path = HomeController.swift; sourceTree = "<group>"; };
		8E5DDEAD22DE29B90089A2CD /* Base */ = {isa = PBXFileReference; lastKnownFileType = file.storyboard; name = Base; path = Base.lproj/Main.storyboard; sourceTree = "<group>"; };
		8E5DDEAF22DE29BB0089A2CD /* Assets.xcassets */ = {isa = PBXFileReference; lastKnownFileType = folder.assetcatalog; path = Assets.xcassets; sourceTree = "<group>"; };
		8E5DDEB222DE29BB0089A2CD /* Base */ = {isa = PBXFileReference; lastKnownFileType = file.storyboard; name = Base; path = Base.lproj/LaunchScreen.storyboard; sourceTree = "<group>"; };
		8E5DDEB422DE29BB0089A2CD /* Info.plist */ = {isa = PBXFileReference; lastKnownFileType = text.plist.xml; path = Info.plist; sourceTree = "<group>"; };
		8E5DDEBB22DE2D860089A2CD /* Extensions+UIView.swift */ = {isa = PBXFileReference; fileEncoding = 4; lastKnownFileType = sourcecode.swift; path = "Extensions+UIView.swift"; sourceTree = "<group>"; };
		8E5DDEBE22DE37C90089A2CD /* HomeBottomControlsStackView.swift */ = {isa = PBXFileReference; lastKnownFileType = sourcecode.swift; path = HomeBottomControlsStackView.swift; sourceTree = "<group>"; };
		8E9F4EC822E35A700088C3BF /* CardViewModel.swift */ = {isa = PBXFileReference; lastKnownFileType = sourcecode.swift; path = CardViewModel.swift; sourceTree = "<group>"; };
		8E9F4ECB22E363740088C3BF /* Adverstiser.swift */ = {isa = PBXFileReference; lastKnownFileType = sourcecode.swift; path = Adverstiser.swift; sourceTree = "<group>"; };
		8E9F4ECD22E3690A0088C3BF /* ProducesCardViewModel.swift */ = {isa = PBXFileReference; lastKnownFileType = sourcecode.swift; path = ProducesCardViewModel.swift; sourceTree = "<group>"; };
		8ECEEE9622F33A2C006EC3B4 /* RegistrationViewModel.swift */ = {isa = PBXFileReference; lastKnownFileType = sourcecode.swift; path = RegistrationViewModel.swift; sourceTree = "<group>"; };
		8EF7D0EB22E0C3E5008F84F4 /* User.swift */ = {isa = PBXFileReference; lastKnownFileType = sourcecode.swift; path = User.swift; sourceTree = "<group>"; };
		A9564C04024F22436B8633E8 /* Pods-tinder.debug.xcconfig */ = {isa = PBXFileReference; includeInIndex = 1; lastKnownFileType = text.xcconfig; name = "Pods-tinder.debug.xcconfig"; path = "Pods/Target Support Files/Pods-tinder/Pods-tinder.debug.xcconfig"; sourceTree = "<group>"; };
/* End PBXFileReference section */

/* Begin PBXFrameworksBuildPhase section */
		8E5DDEA222DE29B90089A2CD /* Frameworks */ = {
			isa = PBXFrameworksBuildPhase;
			buildActionMask = 2147483647;
			files = (
				21268EC733BEFBAC967D0905 /* Pods_tinder.framework in Frameworks */,
			);
			runOnlyForDeploymentPostprocessing = 0;
		};
/* End PBXFrameworksBuildPhase section */

/* Begin PBXGroup section */
		597C9C1A32B029D723804739 /* Frameworks */ = {
			isa = PBXGroup;
			children = (
				759C51D901BFA9DFF113B09F /* Pods_tinder.framework */,
			);
			name = Frameworks;
			sourceTree = "<group>";
		};
		8E5DDE9C22DE29B90089A2CD = {
			isa = PBXGroup;
			children = (
				8E5DDEA722DE29B90089A2CD /* tinder */,
				8E5DDEA622DE29B90089A2CD /* Products */,
				DED4F1624023E95FC48FC33A /* Pods */,
				597C9C1A32B029D723804739 /* Frameworks */,
			);
			sourceTree = "<group>";
		};
		8E5DDEA622DE29B90089A2CD /* Products */ = {
			isa = PBXGroup;
			children = (
				8E5DDEA522DE29B90089A2CD /* tinder.app */,
			);
			name = Products;
			sourceTree = "<group>";
		};
		8E5DDEA722DE29B90089A2CD /* tinder */ = {
			isa = PBXGroup;
			children = (
				8E9F4EC722E35A1E0088C3BF /* ViewModels */,
				8EF7D0EA22E0C3CB008F84F4 /* Model */,
				8E5DDEBD22DE37A30089A2CD /* Views */,
				8E9F4ECA22E35B060088C3BF /* Controllers */,
				8E5DDEBA22DE2D570089A2CD /* Extension */,
				8E5DDEA822DE29B90089A2CD /* AppDelegate.swift */,
				8E5DDEAC22DE29B90089A2CD /* Main.storyboard */,
				8E5DDEAF22DE29BB0089A2CD /* Assets.xcassets */,
				8E5DDEB122DE29BB0089A2CD /* LaunchScreen.storyboard */,
				8E5DDEB422DE29BB0089A2CD /* Info.plist */,
				8E162EFE22F3463900D87A5A /* GoogleService-Info.plist */,
			);
			path = tinder;
			sourceTree = "<group>";
		};
		8E5DDEBA22DE2D570089A2CD /* Extension */ = {
			isa = PBXGroup;
			children = (
				8E5DDEBB22DE2D860089A2CD /* Extensions+UIView.swift */,
			);
			path = Extension;
			sourceTree = "<group>";
		};
		8E5DDEBD22DE37A30089A2CD /* Views */ = {
			isa = PBXGroup;
			children = (
				8E1195E222E8AEEB00D18C10 /* CustomTextField.swift */,
				8E5DDEBE22DE37C90089A2CD /* HomeBottomControlsStackView.swift */,
				8E38F33622DF6B1400EDF039 /* TopNavigationStackView.swift */,
				8E38F33822DF74CA00EDF039 /* CardView.swift */,
			);
			path = Views;
			sourceTree = "<group>";
		};
		8E9F4EC722E35A1E0088C3BF /* ViewModels */ = {
			isa = PBXGroup;
			children = (
				8E9F4EC822E35A700088C3BF /* CardViewModel.swift */,
				8E9F4ECD22E3690A0088C3BF /* ProducesCardViewModel.swift */,
				8ECEEE9622F33A2C006EC3B4 /* RegistrationViewModel.swift */,
			);
			path = ViewModels;
			sourceTree = "<group>";
		};
		8E9F4ECA22E35B060088C3BF /* Controllers */ = {
			isa = PBXGroup;
			children = (
				8E5DDEAA22DE29B90089A2CD /* HomeController.swift */,
				8E1195DF22E8A31C00D18C10 /* RegistrationController.swift */,
			);
			path = Controllers;
			sourceTree = "<group>";
		};
		8EF7D0EA22E0C3CB008F84F4 /* Model */ = {
			isa = PBXGroup;
			children = (
				8EF7D0EB22E0C3E5008F84F4 /* User.swift */,
				8E9F4ECB22E363740088C3BF /* Adverstiser.swift */,
			);
			path = Model;
			sourceTree = "<group>";
		};
		DED4F1624023E95FC48FC33A /* Pods */ = {
			isa = PBXGroup;
			children = (
				A9564C04024F22436B8633E8 /* Pods-tinder.debug.xcconfig */,
				3F6F223B6804298C0472633D /* Pods-tinder.release.xcconfig */,
			);
			name = Pods;
			sourceTree = "<group>";
		};
/* End PBXGroup section */

/* Begin PBXNativeTarget section */
		8E5DDEA422DE29B90089A2CD /* tinder */ = {
			isa = PBXNativeTarget;
			buildConfigurationList = 8E5DDEB722DE29BB0089A2CD /* Build configuration list for PBXNativeTarget "tinder" */;
			buildPhases = (
				0C96B26FF0A32A74BF048B64 /* [CP] Check Pods Manifest.lock */,
				8E5DDEA122DE29B90089A2CD /* Sources */,
				8E5DDEA222DE29B90089A2CD /* Frameworks */,
				8E5DDEA322DE29B90089A2CD /* Resources */,
				78EE0BD096A24A1081CA8ACF /* [CP] Embed Pods Frameworks */,
			);
			buildRules = (
			);
			dependencies = (
			);
			name = tinder;
			productName = tinder;
			productReference = 8E5DDEA522DE29B90089A2CD /* tinder.app */;
			productType = "com.apple.product-type.application";
		};
/* End PBXNativeTarget section */

/* Begin PBXProject section */
		8E5DDE9D22DE29B90089A2CD /* Project object */ = {
			isa = PBXProject;
			attributes = {
				LastSwiftUpdateCheck = 1010;
				LastUpgradeCheck = 1010;
				ORGANIZATIONNAME = "Raghu Sairam";
				TargetAttributes = {
					8E5DDEA422DE29B90089A2CD = {
						CreatedOnToolsVersion = 10.1;
					};
				};
			};
			buildConfigurationList = 8E5DDEA022DE29B90089A2CD /* Build configuration list for PBXProject "tinder" */;
			compatibilityVersion = "Xcode 9.3";
			developmentRegion = en;
			hasScannedForEncodings = 0;
			knownRegions = (
				en,
				Base,
			);
			mainGroup = 8E5DDE9C22DE29B90089A2CD;
			productRefGroup = 8E5DDEA622DE29B90089A2CD /* Products */;
			projectDirPath = "";
			projectRoot = "";
			targets = (
				8E5DDEA422DE29B90089A2CD /* tinder */,
			);
		};
/* End PBXProject section */

/* Begin PBXResourcesBuildPhase section */
		8E5DDEA322DE29B90089A2CD /* Resources */ = {
			isa = PBXResourcesBuildPhase;
			buildActionMask = 2147483647;
			files = (
				8E5DDEB322DE29BB0089A2CD /* LaunchScreen.storyboard in Resources */,
				8E162EFF22F3463900D87A5A /* GoogleService-Info.plist in Resources */,
				8E5DDEB022DE29BB0089A2CD /* Assets.xcassets in Resources */,
				8E5DDEAE22DE29B90089A2CD /* Main.storyboard in Resources */,
			);
			runOnlyForDeploymentPostprocessing = 0;
		};
/* End PBXResourcesBuildPhase section */

/* Begin PBXShellScriptBuildPhase section */
		0C96B26FF0A32A74BF048B64 /* [CP] Check Pods Manifest.lock */ = {
			isa = PBXShellScriptBuildPhase;
			buildActionMask = 2147483647;
			files = (
			);
			inputFileListPaths = (
			);
			inputPaths = (
				"${PODS_PODFILE_DIR_PATH}/Podfile.lock",
				"${PODS_ROOT}/Manifest.lock",
			);
			name = "[CP] Check Pods Manifest.lock";
			outputFileListPaths = (
			);
			outputPaths = (
				"$(DERIVED_FILE_DIR)/Pods-tinder-checkManifestLockResult.txt",
			);
			runOnlyForDeploymentPostprocessing = 0;
			shellPath = /bin/sh;
			shellScript = "diff \"${PODS_PODFILE_DIR_PATH}/Podfile.lock\" \"${PODS_ROOT}/Manifest.lock\" > /dev/null\nif [ $? != 0 ] ; then\n    # print error to STDERR\n    echo \"error: The sandbox is not in sync with the Podfile.lock. Run 'pod install' or update your CocoaPods installation.\" >&2\n    exit 1\nfi\n# This output is used by Xcode 'outputs' to avoid re-running this script phase.\necho \"SUCCESS\" > \"${SCRIPT_OUTPUT_FILE_0}\"\n";
			showEnvVarsInLog = 0;
		};
		78EE0BD096A24A1081CA8ACF /* [CP] Embed Pods Frameworks */ = {
			isa = PBXShellScriptBuildPhase;
			buildActionMask = 2147483647;
			files = (
			);
			inputFileListPaths = (
			);
			inputPaths = (
				"${SRCROOT}/Pods/Target Support Files/Pods-tinder/Pods-tinder-frameworks.sh",
				"${BUILT_PRODUCTS_DIR}/BoringSSL/openssl.framework",
				"${BUILT_PRODUCTS_DIR}/GTMSessionFetcher/GTMSessionFetcher.framework",
				"${BUILT_PRODUCTS_DIR}/GoogleUtilities/GoogleUtilities.framework",
				"${BUILT_PRODUCTS_DIR}/JGProgressHUD/JGProgressHUD.framework",
				"${BUILT_PRODUCTS_DIR}/Protobuf/Protobuf.framework",
				"${BUILT_PRODUCTS_DIR}/SDWebImage/SDWebImage.framework",
				"${BUILT_PRODUCTS_DIR}/gRPC/GRPCClient.framework",
				"${BUILT_PRODUCTS_DIR}/gRPC-C++/grpcpp.framework",
				"${BUILT_PRODUCTS_DIR}/gRPC-Core/grpc.framework",
				"${BUILT_PRODUCTS_DIR}/gRPC-ProtoRPC/ProtoRPC.framework",
				"${BUILT_PRODUCTS_DIR}/gRPC-RxLibrary/RxLibrary.framework",
				"${BUILT_PRODUCTS_DIR}/leveldb-library/leveldb.framework",
				"${BUILT_PRODUCTS_DIR}/nanopb/nanopb.framework",
			);
			name = "[CP] Embed Pods Frameworks";
			outputFileListPaths = (
			);
			outputPaths = (
				"${TARGET_BUILD_DIR}/${FRAMEWORKS_FOLDER_PATH}/openssl.framework",
				"${TARGET_BUILD_DIR}/${FRAMEWORKS_FOLDER_PATH}/GTMSessionFetcher.framework",
				"${TARGET_BUILD_DIR}/${FRAMEWORKS_FOLDER_PATH}/GoogleUtilities.framework",
				"${TARGET_BUILD_DIR}/${FRAMEWORKS_FOLDER_PATH}/JGProgressHUD.framework",
				"${TARGET_BUILD_DIR}/${FRAMEWORKS_FOLDER_PATH}/Protobuf.framework",
				"${TARGET_BUILD_DIR}/${FRAMEWORKS_FOLDER_PATH}/SDWebImage.framework",
				"${TARGET_BUILD_DIR}/${FRAMEWORKS_FOLDER_PATH}/GRPCClient.framework",
				"${TARGET_BUILD_DIR}/${FRAMEWORKS_FOLDER_PATH}/grpcpp.framework",
				"${TARGET_BUILD_DIR}/${FRAMEWORKS_FOLDER_PATH}/grpc.framework",
				"${TARGET_BUILD_DIR}/${FRAMEWORKS_FOLDER_PATH}/ProtoRPC.framework",
				"${TARGET_BUILD_DIR}/${FRAMEWORKS_FOLDER_PATH}/RxLibrary.framework",
				"${TARGET_BUILD_DIR}/${FRAMEWORKS_FOLDER_PATH}/leveldb.framework",
				"${TARGET_BUILD_DIR}/${FRAMEWORKS_FOLDER_PATH}/nanopb.framework",
			);
			runOnlyForDeploymentPostprocessing = 0;
			shellPath = /bin/sh;
			shellScript = "\"${SRCROOT}/Pods/Target Support Files/Pods-tinder/Pods-tinder-frameworks.sh\"\n";
			showEnvVarsInLog = 0;
		};
/* End PBXShellScriptBuildPhase section */

/* Begin PBXSourcesBuildPhase section */
		8E5DDEA122DE29B90089A2CD /* Sources */ = {
			isa = PBXSourcesBuildPhase;
			buildActionMask = 2147483647;
			files = (
				8E5DDEAB22DE29B90089A2CD /* HomeController.swift in Sources */,
				8E5DDEBF22DE37C90089A2CD /* HomeBottomControlsStackView.swift in Sources */,
				8E5DDEA922DE29B90089A2CD /* AppDelegate.swift in Sources */,
				8E5DDEBC22DE2D860089A2CD /* Extensions+UIView.swift in Sources */,
				8E9F4ECC22E363740088C3BF /* Adverstiser.swift in Sources */,
				8E1195E022E8A31C00D18C10 /* RegistrationController.swift in Sources */,
				8E9F4EC922E35A700088C3BF /* CardViewModel.swift in Sources */,
				8E38F33922DF74CA00EDF039 /* CardView.swift in Sources */,
				8E1195E322E8AEEB00D18C10 /* CustomTextField.swift in Sources */,
				8ECEEE9722F33A2C006EC3B4 /* RegistrationViewModel.swift in Sources */,
				8E38F33722DF6B1400EDF039 /* TopNavigationStackView.swift in Sources */,
				8EF7D0EC22E0C3E5008F84F4 /* User.swift in Sources */,
				8E9F4ECE22E3690A0088C3BF /* ProducesCardViewModel.swift in Sources */,
			);
			runOnlyForDeploymentPostprocessing = 0;
		};
/* End PBXSourcesBuildPhase section */

/* Begin PBXVariantGroup section */
		8E5DDEAC22DE29B90089A2CD /* Main.storyboard */ = {
			isa = PBXVariantGroup;
			children = (
				8E5DDEAD22DE29B90089A2CD /* Base */,
			);
			name = Main.storyboard;
			sourceTree = "<group>";
		};
		8E5DDEB122DE29BB0089A2CD /* LaunchScreen.storyboard */ = {
			isa = PBXVariantGroup;
			children = (
				8E5DDEB222DE29BB0089A2CD /* Base */,
			);
			name = LaunchScreen.storyboard;
			sourceTree = "<group>";
		};
/* End PBXVariantGroup section */

/* Begin XCBuildConfiguration section */
		8E5DDEB522DE29BB0089A2CD /* Debug */ = {
			isa = XCBuildConfiguration;
			buildSettings = {
				ALWAYS_SEARCH_USER_PATHS = NO;
				CLANG_ANALYZER_NONNULL = YES;
				CLANG_ANALYZER_NUMBER_OBJECT_CONVERSION = YES_AGGRESSIVE;
				CLANG_CXX_LANGUAGE_STANDARD = "gnu++14";
				CLANG_CXX_LIBRARY = "libc++";
				CLANG_ENABLE_MODULES = YES;
				CLANG_ENABLE_OBJC_ARC = YES;
				CLANG_ENABLE_OBJC_WEAK = YES;
				CLANG_WARN_BLOCK_CAPTURE_AUTORELEASING = YES;
				CLANG_WARN_BOOL_CONVERSION = YES;
				CLANG_WARN_COMMA = YES;
				CLANG_WARN_CONSTANT_CONVERSION = YES;
				CLANG_WARN_DEPRECATED_OBJC_IMPLEMENTATIONS = YES;
				CLANG_WARN_DIRECT_OBJC_ISA_USAGE = YES_ERROR;
				CLANG_WARN_DOCUMENTATION_COMMENTS = YES;
				CLANG_WARN_EMPTY_BODY = YES;
				CLANG_WARN_ENUM_CONVERSION = YES;
				CLANG_WARN_INFINITE_RECURSION = YES;
				CLANG_WARN_INT_CONVERSION = YES;
				CLANG_WARN_NON_LITERAL_NULL_CONVERSION = YES;
				CLANG_WARN_OBJC_IMPLICIT_RETAIN_SELF = YES;
				CLANG_WARN_OBJC_LITERAL_CONVERSION = YES;
				CLANG_WARN_OBJC_ROOT_CLASS = YES_ERROR;
				CLANG_WARN_RANGE_LOOP_ANALYSIS = YES;
				CLANG_WARN_STRICT_PROTOTYPES = YES;
				CLANG_WARN_SUSPICIOUS_MOVE = YES;
				CLANG_WARN_UNGUARDED_AVAILABILITY = YES_AGGRESSIVE;
				CLANG_WARN_UNREACHABLE_CODE = YES;
				CLANG_WARN__DUPLICATE_METHOD_MATCH = YES;
				CODE_SIGN_IDENTITY = "iPhone Developer";
				COPY_PHASE_STRIP = NO;
				DEBUG_INFORMATION_FORMAT = dwarf;
				ENABLE_STRICT_OBJC_MSGSEND = YES;
				ENABLE_TESTABILITY = YES;
				GCC_C_LANGUAGE_STANDARD = gnu11;
				GCC_DYNAMIC_NO_PIC = NO;
				GCC_NO_COMMON_BLOCKS = YES;
				GCC_OPTIMIZATION_LEVEL = 0;
				GCC_PREPROCESSOR_DEFINITIONS = (
					"DEBUG=1",
					"$(inherited)",
				);
				GCC_WARN_64_TO_32_BIT_CONVERSION = YES;
				GCC_WARN_ABOUT_RETURN_TYPE = YES_ERROR;
				GCC_WARN_UNDECLARED_SELECTOR = YES;
				GCC_WARN_UNINITIALIZED_AUTOS = YES_AGGRESSIVE;
				GCC_WARN_UNUSED_FUNCTION = YES;
				GCC_WARN_UNUSED_VARIABLE = YES;
				IPHONEOS_DEPLOYMENT_TARGET = 12.1;
				MTL_ENABLE_DEBUG_INFO = INCLUDE_SOURCE;
				MTL_FAST_MATH = YES;
				ONLY_ACTIVE_ARCH = YES;
				SDKROOT = iphoneos;
				SWIFT_ACTIVE_COMPILATION_CONDITIONS = DEBUG;
				SWIFT_OPTIMIZATION_LEVEL = "-Onone";
			};
			name = Debug;
		};
		8E5DDEB622DE29BB0089A2CD /* Release */ = {
			isa = XCBuildConfiguration;
			buildSettings = {
				ALWAYS_SEARCH_USER_PATHS = NO;
				CLANG_ANALYZER_NONNULL = YES;
				CLANG_ANALYZER_NUMBER_OBJECT_CONVERSION = YES_AGGRESSIVE;
				CLANG_CXX_LANGUAGE_STANDARD = "gnu++14";
				CLANG_CXX_LIBRARY = "libc++";
				CLANG_ENABLE_MODULES = YES;
				CLANG_ENABLE_OBJC_ARC = YES;
				CLANG_ENABLE_OBJC_WEAK = YES;
				CLANG_WARN_BLOCK_CAPTURE_AUTORELEASING = YES;
				CLANG_WARN_BOOL_CONVERSION = YES;
				CLANG_WARN_COMMA = YES;
				CLANG_WARN_CONSTANT_CONVERSION = YES;
				CLANG_WARN_DEPRECATED_OBJC_IMPLEMENTATIONS = YES;
				CLANG_WARN_DIRECT_OBJC_ISA_USAGE = YES_ERROR;
				CLANG_WARN_DOCUMENTATION_COMMENTS = YES;
				CLANG_WARN_EMPTY_BODY = YES;
				CLANG_WARN_ENUM_CONVERSION = YES;
				CLANG_WARN_INFINITE_RECURSION = YES;
				CLANG_WARN_INT_CONVERSION = YES;
				CLANG_WARN_NON_LITERAL_NULL_CONVERSION = YES;
				CLANG_WARN_OBJC_IMPLICIT_RETAIN_SELF = YES;
				CLANG_WARN_OBJC_LITERAL_CONVERSION = YES;
				CLANG_WARN_OBJC_ROOT_CLASS = YES_ERROR;
				CLANG_WARN_RANGE_LOOP_ANALYSIS = YES;
				CLANG_WARN_STRICT_PROTOTYPES = YES;
				CLANG_WARN_SUSPICIOUS_MOVE = YES;
				CLANG_WARN_UNGUARDED_AVAILABILITY = YES_AGGRESSIVE;
				CLANG_WARN_UNREACHABLE_CODE = YES;
				CLANG_WARN__DUPLICATE_METHOD_MATCH = YES;
				CODE_SIGN_IDENTITY = "iPhone Developer";
				COPY_PHASE_STRIP = NO;
				DEBUG_INFORMATION_FORMAT = "dwarf-with-dsym";
				ENABLE_NS_ASSERTIONS = NO;
				ENABLE_STRICT_OBJC_MSGSEND = YES;
				GCC_C_LANGUAGE_STANDARD = gnu11;
				GCC_NO_COMMON_BLOCKS = YES;
				GCC_WARN_64_TO_32_BIT_CONVERSION = YES;
				GCC_WARN_ABOUT_RETURN_TYPE = YES_ERROR;
				GCC_WARN_UNDECLARED_SELECTOR = YES;
				GCC_WARN_UNINITIALIZED_AUTOS = YES_AGGRESSIVE;
				GCC_WARN_UNUSED_FUNCTION = YES;
				GCC_WARN_UNUSED_VARIABLE = YES;
				IPHONEOS_DEPLOYMENT_TARGET = 12.1;
				MTL_ENABLE_DEBUG_INFO = NO;
				MTL_FAST_MATH = YES;
				SDKROOT = iphoneos;
				SWIFT_COMPILATION_MODE = wholemodule;
				SWIFT_OPTIMIZATION_LEVEL = "-O";
				VALIDATE_PRODUCT = YES;
			};
			name = Release;
		};
		8E5DDEB822DE29BB0089A2CD /* Debug */ = {
			isa = XCBuildConfiguration;
			baseConfigurationReference = A9564C04024F22436B8633E8 /* Pods-tinder.debug.xcconfig */;
			buildSettings = {
				ASSETCATALOG_COMPILER_APPICON_NAME = AppIcon;
				CODE_SIGN_STYLE = Automatic;
				DEVELOPMENT_TEAM = LZ9DFW98U9;
				INFOPLIST_FILE = tinder/Info.plist;
				LD_RUNPATH_SEARCH_PATHS = (
					"$(inherited)",
					"@executable_path/Frameworks",
				);
				PRODUCT_BUNDLE_IDENTIFIER = com.raghusairam.tinder;
				PRODUCT_NAME = "$(TARGET_NAME)";
				SWIFT_VERSION = 4.2;
				TARGETED_DEVICE_FAMILY = "1,2";
			};
			name = Debug;
		};
		8E5DDEB922DE29BB0089A2CD /* Release */ = {
			isa = XCBuildConfiguration;
			baseConfigurationReference = 3F6F223B6804298C0472633D /* Pods-tinder.release.xcconfig */;
			buildSettings = {
				ASSETCATALOG_COMPILER_APPICON_NAME = AppIcon;
				CODE_SIGN_STYLE = Automatic;
				DEVELOPMENT_TEAM = LZ9DFW98U9;
				INFOPLIST_FILE = tinder/Info.plist;
				LD_RUNPATH_SEARCH_PATHS = (
					"$(inherited)",
					"@executable_path/Frameworks",
				);
				PRODUCT_BUNDLE_IDENTIFIER = com.raghusairam.tinder;
				PRODUCT_NAME = "$(TARGET_NAME)";
				SWIFT_VERSION = 4.2;
				TARGETED_DEVICE_FAMILY = "1,2";
			};
			name = Release;
		};
/* End XCBuildConfiguration section */

/* Begin XCConfigurationList section */
		8E5DDEA022DE29B90089A2CD /* Build configuration list for PBXProject "tinder" */ = {
			isa = XCConfigurationList;
			buildConfigurations = (
				8E5DDEB522DE29BB0089A2CD /* Debug */,
				8E5DDEB622DE29BB0089A2CD /* Release */,
			);
			defaultConfigurationIsVisible = 0;
			defaultConfigurationName = Release;
		};
		8E5DDEB722DE29BB0089A2CD /* Build configuration list for PBXNativeTarget "tinder" */ = {
			isa = XCConfigurationList;
			buildConfigurations = (
				8E5DDEB822DE29BB0089A2CD /* Debug */,
				8E5DDEB922DE29BB0089A2CD /* Release */,
			);
			defaultConfigurationIsVisible = 0;
			defaultConfigurationName = Release;
		};
/* End XCConfigurationList section */
	};
	rootObject = 8E5DDE9D22DE29B90089A2CD /* Project object */;
}
